// !$*UTF8*$!
{
	archiveVersion = 1;
	classes = {
	};
	objectVersion = 50;
	objects = {

/* Begin PBXBuildFile section */
		457C398C25090F2C00538D1C /* AppDelegate.swift in Sources */ = {isa = PBXBuildFile; fileRef = 457C398B25090F2C00538D1C /* AppDelegate.swift */; };
		457C398E25090F2C00538D1C /* SceneDelegate.swift in Sources */ = {isa = PBXBuildFile; fileRef = 457C398D25090F2C00538D1C /* SceneDelegate.swift */; };
		457C399025090F2C00538D1C /* InfoViewController.swift in Sources */ = {isa = PBXBuildFile; fileRef = 457C398F25090F2C00538D1C /* InfoViewController.swift */; };
		457C399325090F2C00538D1C /* Main.storyboard in Resources */ = {isa = PBXBuildFile; fileRef = 457C399125090F2C00538D1C /* Main.storyboard */; };
		457C399525090F2F00538D1C /* Assets.xcassets in Resources */ = {isa = PBXBuildFile; fileRef = 457C399425090F2F00538D1C /* Assets.xcassets */; };
		457C399825090F2F00538D1C /* LaunchScreen.storyboard in Resources */ = {isa = PBXBuildFile; fileRef = 457C399625090F2F00538D1C /* LaunchScreen.storyboard */; };
		457C39A72509156600538D1C /* DataManeger.swift in Sources */ = {isa = PBXBuildFile; fileRef = 457C39A62509156600538D1C /* DataManeger.swift */; };
		457C39A92509167E00538D1C /* PersonaListTableViewController.swift in Sources */ = {isa = PBXBuildFile; fileRef = 457C39A82509167E00538D1C /* PersonaListTableViewController.swift */; };
		457C39AB250916B200538D1C /* ContactsTableViewController.swift in Sources */ = {isa = PBXBuildFile; fileRef = 457C39AA250916B200538D1C /* ContactsTableViewController.swift */; };
		457C39AD25091A0600538D1C /* PersonModel.swift in Sources */ = {isa = PBXBuildFile; fileRef = 457C39AC25091A0600538D1C /* PersonModel.swift */; };
/* End PBXBuildFile section */

/* Begin PBXFileReference section */
		457C398825090F2C00538D1C /* Contact.app */ = {isa = PBXFileReference; explicitFileType = wrapper.application; includeInIndex = 0; path = Contact.app; sourceTree = BUILT_PRODUCTS_DIR; };
		457C398B25090F2C00538D1C /* AppDelegate.swift */ = {isa = PBXFileReference; lastKnownFileType = sourcecode.swift; path = AppDelegate.swift; sourceTree = "<group>"; };
		457C398D25090F2C00538D1C /* SceneDelegate.swift */ = {isa = PBXFileReference; lastKnownFileType = sourcecode.swift; path = SceneDelegate.swift; sourceTree = "<group>"; };
		457C398F25090F2C00538D1C /* InfoViewController.swift */ = {isa = PBXFileReference; lastKnownFileType = sourcecode.swift; path = InfoViewController.swift; sourceTree = "<group>"; };
		457C399225090F2C00538D1C /* Base */ = {isa = PBXFileReference; lastKnownFileType = file.storyboard; name = Base; path = Base.lproj/Main.storyboard; sourceTree = "<group>"; };
		457C399425090F2F00538D1C /* Assets.xcassets */ = {isa = PBXFileReference; lastKnownFileType = folder.assetcatalog; path = Assets.xcassets; sourceTree = "<group>"; };
		457C399725090F2F00538D1C /* Base */ = {isa = PBXFileReference; lastKnownFileType = file.storyboard; name = Base; path = Base.lproj/LaunchScreen.storyboard; sourceTree = "<group>"; };
		457C399925090F2F00538D1C /* Info.plist */ = {isa = PBXFileReference; lastKnownFileType = text.plist.xml; path = Info.plist; sourceTree = "<group>"; };
		457C39A62509156600538D1C /* DataManeger.swift */ = {isa = PBXFileReference; lastKnownFileType = sourcecode.swift; path = DataManeger.swift; sourceTree = "<group>"; };
		457C39A82509167E00538D1C /* PersonaListTableViewController.swift */ = {isa = PBXFileReference; lastKnownFileType = sourcecode.swift; path = PersonaListTableViewController.swift; sourceTree = "<group>"; };
		457C39AA250916B200538D1C /* ContactsTableViewController.swift */ = {isa = PBXFileReference; lastKnownFileType = sourcecode.swift; path = ContactsTableViewController.swift; sourceTree = "<group>"; };
		457C39AC25091A0600538D1C /* PersonModel.swift */ = {isa = PBXFileReference; lastKnownFileType = sourcecode.swift; path = PersonModel.swift; sourceTree = "<group>"; };
/* End PBXFileReference section */

/* Begin PBXFrameworksBuildPhase section */
		457C398525090F2C00538D1C /* Frameworks */ = {
			isa = PBXFrameworksBuildPhase;
			buildActionMask = 2147483647;
			files = (
			);
			runOnlyForDeploymentPostprocessing = 0;
		};
/* End PBXFrameworksBuildPhase section */

/* Begin PBXGroup section */
		457C397F25090F2C00538D1C = {
			isa = PBXGroup;
			children = (
				457C398A25090F2C00538D1C /* Contact */,
				457C398925090F2C00538D1C /* Products */,
			);
			sourceTree = "<group>";
		};
		457C398925090F2C00538D1C /* Products */ = {
			isa = PBXGroup;
			children = (
				457C398825090F2C00538D1C /* Contact.app */,
			);
			name = Products;
			sourceTree = "<group>";
		};
		457C398A25090F2C00538D1C /* Contact */ = {
			isa = PBXGroup;
			children = (
				457C39A52509153300538D1C /* Models */,
				457C39A22509101B00538D1C /* ViewControllers */,
				457C39A025090FE100538D1C /* Storybords */,
				457C399F25090F8D00538D1C /* Sources */,
				457C39A12509100A00538D1C /* SupportingFiles */,
			);
			path = Contact;
			sourceTree = "<group>";
		};
		457C399F25090F8D00538D1C /* Sources */ = {
			isa = PBXGroup;
			children = (
				457C399425090F2F00538D1C /* Assets.xcassets */,
			);
			path = Sources;
			sourceTree = "<group>";
		};
		457C39A025090FE100538D1C /* Storybords */ = {
			isa = PBXGroup;
			children = (
				457C399125090F2C00538D1C /* Main.storyboard */,
				457C399625090F2F00538D1C /* LaunchScreen.storyboard */,
			);
			path = Storybords;
			sourceTree = "<group>";
		};
		457C39A12509100A00538D1C /* SupportingFiles */ = {
			isa = PBXGroup;
			children = (
				457C398B25090F2C00538D1C /* AppDelegate.swift */,
				457C398D25090F2C00538D1C /* SceneDelegate.swift */,
				457C399925090F2F00538D1C /* Info.plist */,
			);
			path = SupportingFiles;
			sourceTree = "<group>";
		};
		457C39A22509101B00538D1C /* ViewControllers */ = {
			isa = PBXGroup;
			children = (
				457C39A82509167E00538D1C /* PersonaListTableViewController.swift */,
				457C398F25090F2C00538D1C /* InfoViewController.swift */,
				457C39AA250916B200538D1C /* ContactsTableViewController.swift */,
			);
			path = ViewControllers;
			sourceTree = "<group>";
		};
		457C39A52509153300538D1C /* Models */ = {
			isa = PBXGroup;
			children = (
				457C39A62509156600538D1C /* DataManeger.swift */,
				457C39AC25091A0600538D1C /* PersonModel.swift */,
			);
			path = Models;
			sourceTree = "<group>";
		};
/* End PBXGroup section */

/* Begin PBXNativeTarget section */
		457C398725090F2C00538D1C /* Contact */ = {
			isa = PBXNativeTarget;
			buildConfigurationList = 457C399C25090F2F00538D1C /* Build configuration list for PBXNativeTarget "Contact" */;
			buildPhases = (
				457C398425090F2C00538D1C /* Sources */,
				457C398525090F2C00538D1C /* Frameworks */,
				457C398625090F2C00538D1C /* Resources */,
			);
			buildRules = (
			);
			dependencies = (
			);
			name = Contact;
			productName = Contact;
			productReference = 457C398825090F2C00538D1C /* Contact.app */;
			productType = "com.apple.product-type.application";
		};
/* End PBXNativeTarget section */

/* Begin PBXProject section */
		457C398025090F2C00538D1C /* Project object */ = {
			isa = PBXProject;
			attributes = {
				LastSwiftUpdateCheck = 1150;
				LastUpgradeCheck = 1150;
				ORGANIZATIONNAME = myself;
				TargetAttributes = {
					457C398725090F2C00538D1C = {
						CreatedOnToolsVersion = 11.5;
					};
				};
			};
			buildConfigurationList = 457C398325090F2C00538D1C /* Build configuration list for PBXProject "Contact" */;
			compatibilityVersion = "Xcode 9.3";
			developmentRegion = en;
			hasScannedForEncodings = 0;
			knownRegions = (
				en,
				Base,
			);
			mainGroup = 457C397F25090F2C00538D1C;
			productRefGroup = 457C398925090F2C00538D1C /* Products */;
			projectDirPath = "";
			projectRoot = "";
			targets = (
				457C398725090F2C00538D1C /* Contact */,
			);
		};
/* End PBXProject section */

/* Begin PBXResourcesBuildPhase section */
		457C398625090F2C00538D1C /* Resources */ = {
			isa = PBXResourcesBuildPhase;
			buildActionMask = 2147483647;
			files = (
				457C399825090F2F00538D1C /* LaunchScreen.storyboard in Resources */,
				457C399525090F2F00538D1C /* Assets.xcassets in Resources */,
				457C399325090F2C00538D1C /* Main.storyboard in Resources */,
			);
			runOnlyForDeploymentPostprocessing = 0;
		};
/* End PBXResourcesBuildPhase section */

/* Begin PBXSourcesBuildPhase section */
		457C398425090F2C00538D1C /* Sources */ = {
			isa = PBXSourcesBuildPhase;
			buildActionMask = 2147483647;
			files = (
				457C399025090F2C00538D1C /* InfoViewController.swift in Sources */,
				457C39AD25091A0600538D1C /* PersonModel.swift in Sources */,
				457C39A72509156600538D1C /* DataManeger.swift in Sources */,
				457C398C25090F2C00538D1C /* AppDelegate.swift in Sources */,
				457C39A92509167E00538D1C /* PersonaListTableViewController.swift in Sources */,
				457C398E25090F2C00538D1C /* SceneDelegate.swift in Sources */,
				457C39AB250916B200538D1C /* ContactsTableViewController.swift in Sources */,
			);
			runOnlyForDeploymentPostprocessing = 0;
		};
/* End PBXSourcesBuildPhase section */

/* Begin PBXVariantGroup section */
		457C399125090F2C00538D1C /* Main.storyboard */ = {
			isa = PBXVariantGroup;
			children = (
				457C399225090F2C00538D1C /* Base */,
			);
			name = Main.storyboard;
			sourceTree = "<group>";
		};
		457C399625090F2F00538D1C /* LaunchScreen.storyboard */ = {
			isa = PBXVariantGroup;
			children = (
				457C399725090F2F00538D1C /* Base */,
			);
			name = LaunchScreen.storyboard;
			sourceTree = "<group>";
		};
/* End PBXVariantGroup section */

/* Begin XCBuildConfiguration section */
		457C399A25090F2F00538D1C /* Debug */ = {
			isa = XCBuildConfiguration;
			buildSettings = {
				ALWAYS_SEARCH_USER_PATHS = NO;
				CLANG_ANALYZER_NONNULL = YES;
				CLANG_ANALYZER_NUMBER_OBJECT_CONVERSION = YES_AGGRESSIVE;
				CLANG_CXX_LANGUAGE_STANDARD = "gnu++14";
				CLANG_CXX_LIBRARY = "libc++";
				CLANG_ENABLE_MODULES = YES;
				CLANG_ENABLE_OBJC_ARC = YES;
				CLANG_ENABLE_OBJC_WEAK = YES;
				CLANG_WARN_BLOCK_CAPTURE_AUTORELEASING = YES;
				CLANG_WARN_BOOL_CONVERSION = YES;
				CLANG_WARN_COMMA = YES;
				CLANG_WARN_CONSTANT_CONVERSION = YES;
				CLANG_WARN_DEPRECATED_OBJC_IMPLEMENTATIONS = YES;
				CLANG_WARN_DIRECT_OBJC_ISA_USAGE = YES_ERROR;
				CLANG_WARN_DOCUMENTATION_COMMENTS = YES;
				CLANG_WARN_EMPTY_BODY = YES;
				CLANG_WARN_ENUM_CONVERSION = YES;
				CLANG_WARN_INFINITE_RECURSION = YES;
				CLANG_WARN_INT_CONVERSION = YES;
				CLANG_WARN_NON_LITERAL_NULL_CONVERSION = YES;
				CLANG_WARN_OBJC_IMPLICIT_RETAIN_SELF = YES;
				CLANG_WARN_OBJC_LITERAL_CONVERSION = YES;
				CLANG_WARN_OBJC_ROOT_CLASS = YES_ERROR;
				CLANG_WARN_RANGE_LOOP_ANALYSIS = YES;
				CLANG_WARN_STRICT_PROTOTYPES = YES;
				CLANG_WARN_SUSPICIOUS_MOVE = YES;
				CLANG_WARN_UNGUARDED_AVAILABILITY = YES_AGGRESSIVE;
				CLANG_WARN_UNREACHABLE_CODE = YES;
				CLANG_WARN__DUPLICATE_METHOD_MATCH = YES;
				COPY_PHASE_STRIP = NO;
				DEBUG_INFORMATION_FORMAT = dwarf;
				ENABLE_STRICT_OBJC_MSGSEND = YES;
				ENABLE_TESTABILITY = YES;
				GCC_C_LANGUAGE_STANDARD = gnu11;
				GCC_DYNAMIC_NO_PIC = NO;
				GCC_NO_COMMON_BLOCKS = YES;
				GCC_OPTIMIZATION_LEVEL = 0;
				GCC_PREPROCESSOR_DEFINITIONS = (
					"DEBUG=1",
					"$(inherited)",
				);
				GCC_WARN_64_TO_32_BIT_CONVERSION = YES;
				GCC_WARN_ABOUT_RETURN_TYPE = YES_ERROR;
				GCC_WARN_UNDECLARED_SELECTOR = YES;
				GCC_WARN_UNINITIALIZED_AUTOS = YES_AGGRESSIVE;
				GCC_WARN_UNUSED_FUNCTION = YES;
				GCC_WARN_UNUSED_VARIABLE = YES;
				IPHONEOS_DEPLOYMENT_TARGET = 13.5;
				MTL_ENABLE_DEBUG_INFO = INCLUDE_SOURCE;
				MTL_FAST_MATH = YES;
				ONLY_ACTIVE_ARCH = YES;
				SDKROOT = iphoneos;
				SWIFT_ACTIVE_COMPILATION_CONDITIONS = DEBUG;
				SWIFT_OPTIMIZATION_LEVEL = "-Onone";
			};
			name = Debug;
		};
		457C399B25090F2F00538D1C /* Release */ = {
			isa = XCBuildConfiguration;
			buildSettings = {
				ALWAYS_SEARCH_USER_PATHS = NO;
				CLANG_ANALYZER_NONNULL = YES;
				CLANG_ANALYZER_NUMBER_OBJECT_CONVERSION = YES_AGGRESSIVE;
				CLANG_CXX_LANGUAGE_STANDARD = "gnu++14";
				CLANG_CXX_LIBRARY = "libc++";
				CLANG_ENABLE_MODULES = YES;
				CLANG_ENABLE_OBJC_ARC = YES;
				CLANG_ENABLE_OBJC_WEAK = YES;
				CLANG_WARN_BLOCK_CAPTURE_AUTORELEASING = YES;
				CLANG_WARN_BOOL_CONVERSION = YES;
				CLANG_WARN_COMMA = YES;
				CLANG_WARN_CONSTANT_CONVERSION = YES;
				CLANG_WARN_DEPRECATED_OBJC_IMPLEMENTATIONS = YES;
				CLANG_WARN_DIRECT_OBJC_ISA_USAGE = YES_ERROR;
				CLANG_WARN_DOCUMENTATION_COMMENTS = YES;
				CLANG_WARN_EMPTY_BODY = YES;
				CLANG_WARN_ENUM_CONVERSION = YES;
				CLANG_WARN_INFINITE_RECURSION = YES;
				CLANG_WARN_INT_CONVERSION = YES;
				CLANG_WARN_NON_LITERAL_NULL_CONVERSION = YES;
				CLANG_WARN_OBJC_IMPLICIT_RETAIN_SELF = YES;
				CLANG_WARN_OBJC_LITERAL_CONVERSION = YES;
				CLANG_WARN_OBJC_ROOT_CLASS = YES_ERROR;
				CLANG_WARN_RANGE_LOOP_ANALYSIS = YES;
				CLANG_WARN_STRICT_PROTOTYPES = YES;
				CLANG_WARN_SUSPICIOUS_MOVE = YES;
				CLANG_WARN_UNGUARDED_AVAILABILITY = YES_AGGRESSIVE;
				CLANG_WARN_UNREACHABLE_CODE = YES;
				CLANG_WARN__DUPLICATE_METHOD_MATCH = YES;
				COPY_PHASE_STRIP = NO;
				DEBUG_INFORMATION_FORMAT = "dwarf-with-dsym";
				ENABLE_NS_ASSERTIONS = NO;
				ENABLE_STRICT_OBJC_MSGSEND = YES;
				GCC_C_LANGUAGE_STANDARD = gnu11;
				GCC_NO_COMMON_BLOCKS = YES;
				GCC_WARN_64_TO_32_BIT_CONVERSION = YES;
				GCC_WARN_ABOUT_RETURN_TYPE = YES_ERROR;
				GCC_WARN_UNDECLARED_SELECTOR = YES;
				GCC_WARN_UNINITIALIZED_AUTOS = YES_AGGRESSIVE;
				GCC_WARN_UNUSED_FUNCTION = YES;
				GCC_WARN_UNUSED_VARIABLE = YES;
				IPHONEOS_DEPLOYMENT_TARGET = 13.5;
				MTL_ENABLE_DEBUG_INFO = NO;
				MTL_FAST_MATH = YES;
				SDKROOT = iphoneos;
				SWIFT_COMPILATION_MODE = wholemodule;
				SWIFT_OPTIMIZATION_LEVEL = "-O";
				VALIDATE_PRODUCT = YES;
			};
			name = Release;
		};
		457C399D25090F2F00538D1C /* Debug */ = {
			isa = XCBuildConfiguration;
			buildSettings = {
				ASSETCATALOG_COMPILER_APPICON_NAME = AppIcon;
				CODE_SIGN_STYLE = Automatic;
				INFOPLIST_FILE = Contact/SupportingFiles/Info.plist;
				LD_RUNPATH_SEARCH_PATHS = (
					"$(inherited)",
					"@executable_path/Frameworks",
				);
				PRODUCT_BUNDLE_IDENTIFIER = com.goWhites.Contact;
				PRODUCT_NAME = "$(TARGET_NAME)";
				SWIFT_VERSION = 5.0;
				TARGETED_DEVICE_FAMILY = 1;
			};
			name = Debug;
		};
		457C399E25090F2F00538D1C /* Release */ = {
			isa = XCBuildConfiguration;
			buildSettings = {
				ASSETCATALOG_COMPILER_APPICON_NAME = AppIcon;
				CODE_SIGN_STYLE = Automatic;
				INFOPLIST_FILE = Contact/SupportingFiles/Info.plist;
				LD_RUNPATH_SEARCH_PATHS = (
					"$(inherited)",
					"@executable_path/Frameworks",
				);
				PRODUCT_BUNDLE_IDENTIFIER = com.goWhites.Contact;
				PRODUCT_NAME = "$(TARGET_NAME)";
				SWIFT_VERSION = 5.0;
				TARGETED_DEVICE_FAMILY = 1;
			};
			name = Release;
		};
/* End XCBuildConfiguration section */

/* Begin XCConfigurationList section */
		457C398325090F2C00538D1C /* Build configuration list for PBXProject "Contact" */ = {
			isa = XCConfigurationList;
			buildConfigurations = (
				457C399A25090F2F00538D1C /* Debug */,
				457C399B25090F2F00538D1C /* Release */,
			);
			defaultConfigurationIsVisible = 0;
			defaultConfigurationName = Release;
		};
		457C399C25090F2F00538D1C /* Build configuration list for PBXNativeTarget "Contact" */ = {
			isa = XCConfigurationList;
			buildConfigurations = (
				457C399D25090F2F00538D1C /* Debug */,
				457C399E25090F2F00538D1C /* Release */,
			);
			defaultConfigurationIsVisible = 0;
			defaultConfigurationName = Release;
		};
/* End XCConfigurationList section */
	};
	rootObject = 457C398025090F2C00538D1C /* Project object */;
}
